
Microsoft Visual Studio Solution File, Format Version 12.00
# Visual Studio 15
VisualStudioVersion = 15.0.26124.0
MinimumVisualStudioVersion = 15.0.26124.0
Project("{FAE04EC0-301F-11D3-BF4B-00C04F79EFBC}") = "Console1", "Console1\Console1.csproj", "{9EB823B5-073B-45E5-847D-F8BEE86DCA4E}"
EndProject
Project("{FAE04EC0-301F-11D3-BF4B-00C04F79EFBC}") = "Library1", "Library1\Library1.csproj", "{5F8DA50A-F169-4109-BEC1-38E7179188FA}"
EndProject
Project("{FAE04EC0-301F-11D3-BF4B-00C04F79EFBC}") = "Library2", "Library2\Library2.csproj", "{B36EC9A6-198E-4715-917A-D353A08DE641}"
EndProject
Global
	GlobalSection(SolutionConfigurationPlatforms) = preSolution
		Debug|Any CPU = Debug|Any CPU
		Debug|x64 = Debug|x64
		Debug|x86 = Debug|x86
		Release|Any CPU = Release|Any CPU
		Release|x64 = Release|x64
		Release|x86 = Release|x86
	EndGlobalSection
	GlobalSection(SolutionProperties) = preSolution
		HideSolutionNode = FALSE
	EndGlobalSection
	GlobalSection(ProjectConfigurationPlatforms) = postSolution
		{9EB823B5-073B-45E5-847D-F8BEE86DCA4E}.Debug|Any CPU.ActiveCfg = Debug|Any CPU
		{9EB823B5-073B-45E5-847D-F8BEE86DCA4E}.Debug|Any CPU.Build.0 = Debug|Any CPU
		{9EB823B5-073B-45E5-847D-F8BEE86DCA4E}.Debug|x64.ActiveCfg = Debug|Any CPU
		{9EB823B5-073B-45E5-847D-F8BEE86DCA4E}.Debug|x64.Build.0 = Debug|Any CPU
		{9EB823B5-073B-45E5-847D-F8BEE86DCA4E}.Debug|x86.ActiveCfg = Debug|Any CPU
		{9EB823B5-073B-45E5-847D-F8BEE86DCA4E}.Debug|x86.Build.0 = Debug|Any CPU
		{9EB823B5-073B-45E5-847D-F8BEE86DCA4E}.Release|Any CPU.ActiveCfg = Release|Any CPU
		{9EB823B5-073B-45E5-847D-F8BEE86DCA4E}.Release|Any CPU.Build.0 = Release|Any CPU
		{9EB823B5-073B-45E5-847D-F8BEE86DCA4E}.Release|x64.ActiveCfg = Release|Any CPU
		{9EB823B5-073B-45E5-847D-F8BEE86DCA4E}.Release|x64.Build.0 = Release|Any CPU
		{9EB823B5-073B-45E5-847D-F8BEE86DCA4E}.Release|x86.ActiveCfg = Release|Any CPU
		{9EB823B5-073B-45E5-847D-F8BEE86DCA4E}.Release|x86.Build.0 = Release|Any CPU
		{5F8DA50A-F169-4109-BEC1-38E7179188FA}.Debug|Any CPU.ActiveCfg = Debug|Any CPU
		{5F8DA50A-F169-4109-BEC1-38E7179188FA}.Debug|Any CPU.Build.0 = Debug|Any CPU
		{5F8DA50A-F169-4109-BEC1-38E7179188FA}.Debug|x64.ActiveCfg = Debug|Any CPU
		{5F8DA50A-F169-4109-BEC1-38E7179188FA}.Debug|x64.Build.0 = Debug|Any CPU
		{5F8DA50A-F169-4109-BEC1-38E7179188FA}.Debug|x86.ActiveCfg = Debug|Any CPU
		{5F8DA50A-F169-4109-BEC1-38E7179188FA}.Debug|x86.Build.0 = Debug|Any CPU
		{5F8DA50A-F169-4109-BEC1-38E7179188FA}.Release|Any CPU.ActiveCfg = Release|Any CPU
		{5F8DA50A-F169-4109-BEC1-38E7179188FA}.Release|Any CPU.Build.0 = Release|Any CPU
		{5F8DA50A-F169-4109-BEC1-38E7179188FA}.Release|x64.ActiveCfg = Release|Any CPU
		{5F8DA50A-F169-4109-BEC1-38E7179188FA}.Release|x64.Build.0 = Release|Any CPU
		{5F8DA50A-F169-4109-BEC1-38E7179188FA}.Release|x86.ActiveCfg = Release|Any CPU
		{5F8DA50A-F169-4109-BEC1-38E7179188FA}.Release|x86.Build.0 = Release|Any CPU
		{B36EC9A6-198E-4715-917A-D353A08DE641}.Debug|Any CPU.ActiveCfg = Debug|Any CPU
		{B36EC9A6-198E-4715-917A-D353A08DE641}.Debug|Any CPU.Build.0 = Debug|Any CPU
		{B36EC9A6-198E-4715-917A-D353A08DE641}.Debug|x64.ActiveCfg = Debug|Any CPU
		{B36EC9A6-198E-4715-917A-D353A08DE641}.Debug|x64.Build.0 = Debug|Any CPU
		{B36EC9A6-198E-4715-917A-D353A08DE641}.Debug|x86.ActiveCfg = Debug|Any CPU
		{B36EC9A6-198E-4715-917A-D353A08DE641}.Debug|x86.Build.0 = Debug|Any CPU
		{B36EC9A6-198E-4715-917A-D353A08DE641}.Release|Any CPU.ActiveCfg = Release|Any CPU
		{B36EC9A6-198E-4715-917A-D353A08DE641}.Release|Any CPU.Build.0 = Release|Any CPU
		{B36EC9A6-198E-4715-917A-D353A08DE641}.Release|x64.ActiveCfg = Release|Any CPU
		{B36EC9A6-198E-4715-917A-D353A08DE641}.Release|x64.Build.0 = Release|Any CPU
		{B36EC9A6-198E-4715-917A-D353A08DE641}.Release|x86.ActiveCfg = Release|Any CPU
		{B36EC9A6-198E-4715-917A-D353A08DE641}.Release|x86.Build.0 = Release|Any CPU
	EndGlobalSection
EndGlobal
